
Microsoft Visual Studio Solution File, Format Version 12.00
# Visual Studio 2013
VisualStudioVersion = 12.0.30501.0
MinimumVisualStudioVersion = 10.0.40219.1
Project("{8BC9CEB8-8B4A-11D0-8D11-00A0C91BC942}") = "ProcOut", "ProcOut\ProcOut.vcxproj", "{54A3C723-DDD3-431C-BDF3-8CFD8EADF382}"
EndProject
Project("{8BC9CEB8-8B4A-11D0-8D11-00A0C91BC942}") = "ProcOutPS", "ProcOut\ProcOutPS.vcxproj", "{C77B062B-BD0F-4CA1-A6C5-0D546AA62AEC}"
	ProjectSection(ProjectDependencies) = postProject
		{54A3C723-DDD3-431C-BDF3-8CFD8EADF382} = {54A3C723-DDD3-431C-BDF3-8CFD8EADF382}
	EndProjectSection
EndProject
Project("{8BC9CEB8-8B4A-11D0-8D11-00A0C91BC942}") = "ProcOutText", "ProcOutText\ProcOutText.vcxproj", "{9F755D81-53F9-4C34-8F55-2457B6B65A0C}"
EndProject
Global
	GlobalSection(SolutionConfigurationPlatforms) = preSolution
		Debug|Win32 = Debug|Win32
		Release|Win32 = Release|Win32
	EndGlobalSection
	GlobalSection(ProjectConfigurationPlatforms) = postSolution
		{54A3C723-DDD3-431C-BDF3-8CFD8EADF382}.Debug|Win32.ActiveCfg = Debug|Win32
		{54A3C723-DDD3-431C-BDF3-8CFD8EADF382}.Debug|Win32.Build.0 = Debug|Win32
		{54A3C723-DDD3-431C-BDF3-8CFD8EADF382}.Release|Win32.ActiveCfg = Release|Win32
		{54A3C723-DDD3-431C-BDF3-8CFD8EADF382}.Release|Win32.Build.0 = Release|Win32
		{C77B062B-BD0F-4CA1-A6C5-0D546AA62AEC}.Debug|Win32.ActiveCfg = Debug|Win32
		{C77B062B-BD0F-4CA1-A6C5-0D546AA62AEC}.Release|Win32.ActiveCfg = Release|Win32
		{9F755D81-53F9-4C34-8F55-2457B6B65A0C}.Debug|Win32.ActiveCfg = Debug|Win32
		{9F755D81-53F9-4C34-8F55-2457B6B65A0C}.Debug|Win32.Build.0 = Debug|Win32
		{9F755D81-53F9-4C34-8F55-2457B6B65A0C}.Release|Win32.ActiveCfg = Release|Win32
		{9F755D81-53F9-4C34-8F55-2457B6B65A0C}.Release|Win32.Build.0 = Release|Win32
	EndGlobalSection
	GlobalSection(SolutionProperties) = preSolution
		HideSolutionNode = FALSE
	EndGlobalSection
EndGlobal
