<?xml version="1.0" encoding="utf-8"?>
<Project ToolsVersion="4.0" xmlns="http://schemas.microsoft.com/developer/msbuild/2003">
  <ItemGroup>
    <Filter Include="Source Files">
      <UniqueIdentifier>{37acfb8f-403e-46b6-a496-6e3dcb5fee93}</UniqueIdentifier>
    </Filter>
    <Filter Include="Generated Files">
      <UniqueIdentifier>{222efd4f-48ae-4916-8992-528cca2c5402}</UniqueIdentifier>
      <SourceControlFiles>False</SourceControlFiles>
    </Filter>
  </ItemGroup>
  <ItemGroup>
    <None Include="ProcOutps.def" />
  </ItemGroup>
  <ItemGroup>
    <ClCompile Include="ProcOut_i.c">
      <Filter>Generated Files</Filter>
    </ClCompile>
    <ClCompile Include="ProcOut_p.c">
      <Filter>Generated Files</Filter>
    </ClCompile>
    <ClCompile Include="dlldata.c">
      <Filter>Generated Files</Filter>
    </ClCompile>
  </ItemGroup>
</Project>