<?xml version="1.0" encoding="utf-8"?>
<Project ToolsVersion="4.0" xmlns="http://schemas.microsoft.com/developer/msbuild/2003">
  <ItemGroup>
    <Filter Include="Source Files">
      <UniqueIdentifier>{ee09663a-125e-4dc0-b8d1-12e60b277208}</UniqueIdentifier>
    </Filter>
    <Filter Include="Generated Files">
      <UniqueIdentifier>{d17efadc-1f28-41be-9e6e-7fbbfc002dae}</UniqueIdentifier>
      <SourceControlFiles>False</SourceControlFiles>
    </Filter>
  </ItemGroup>
  <ItemGroup>
    <None Include="Object2ps.def" />
  </ItemGroup>
  <ItemGroup>
    <ClCompile Include="Object2_i.c">
      <Filter>Generated Files</Filter>
    </ClCompile>
    <ClCompile Include="Object2_p.c">
      <Filter>Generated Files</Filter>
    </ClCompile>
    <ClCompile Include="dlldata.c">
      <Filter>Generated Files</Filter>
    </ClCompile>
  </ItemGroup>
</Project>